// !$*UTF8*$!
{
	archiveVersion = 1;
	classes = {
	};
	objectVersion = 50;
	objects = {

/* Begin PBXBuildFile section */
		121DAFA124C2476F00EC69AF /* NetworkManager.swift in Sources */ = {isa = PBXBuildFile; fileRef = 121DAFA024C2476F00EC69AF /* NetworkManager.swift */; };
		121DAFA824C283E900EC69AF /* FollowerCell.swift in Sources */ = {isa = PBXBuildFile; fileRef = 121DAFA724C283E900EC69AF /* FollowerCell.swift */; };
		121DAFAA24C284AB00EC69AF /* GFAvatarImageView.swift in Sources */ = {isa = PBXBuildFile; fileRef = 121DAFA924C284AB00EC69AF /* GFAvatarImageView.swift */; };
		1241D2AA24C3E5B6007F1344 /* GFEmptyStateView.swift in Sources */ = {isa = PBXBuildFile; fileRef = 1241D2A924C3E5B6007F1344 /* GFEmptyStateView.swift */; };
		127C0E8924C1248C00EA371C /* GFButton.swift in Sources */ = {isa = PBXBuildFile; fileRef = 127C0E8824C1248C00EA371C /* GFButton.swift */; };
		127C0E8B24C1282B00EA371C /* GFTextField.swift in Sources */ = {isa = PBXBuildFile; fileRef = 127C0E8A24C1282B00EA371C /* GFTextField.swift */; };
		1297BD1524C38CD4006A4B93 /* UIHelper.swift in Sources */ = {isa = PBXBuildFile; fileRef = 1297BD1424C38CD4006A4B93 /* UIHelper.swift */; };
		12A8D1E124C112E800668A98 /* AppDelegate.swift in Sources */ = {isa = PBXBuildFile; fileRef = 12A8D1E024C112E800668A98 /* AppDelegate.swift */; };
		12A8D1E324C112E800668A98 /* SceneDelegate.swift in Sources */ = {isa = PBXBuildFile; fileRef = 12A8D1E224C112E800668A98 /* SceneDelegate.swift */; };
		12A8D1EA24C112EA00668A98 /* Assets.xcassets in Resources */ = {isa = PBXBuildFile; fileRef = 12A8D1E924C112EA00668A98 /* Assets.xcassets */; };
		12A8D1ED24C112EA00668A98 /* LaunchScreen.storyboard in Resources */ = {isa = PBXBuildFile; fileRef = 12A8D1EB24C112EA00668A98 /* LaunchScreen.storyboard */; };
		12A8D1F524C1189900668A98 /* SearchVC.swift in Sources */ = {isa = PBXBuildFile; fileRef = 12A8D1F424C1189900668A98 /* SearchVC.swift */; };
		12A8D1F724C118D500668A98 /* FavoritesListVC.swift in Sources */ = {isa = PBXBuildFile; fileRef = 12A8D1F624C118D500668A98 /* FavoritesListVC.swift */; };
		12A9EEFC24C157E500B7CA0F /* FollowersListVC.swift in Sources */ = {isa = PBXBuildFile; fileRef = 12A9EEFB24C157E500B7CA0F /* FollowersListVC.swift */; };
		12D33ED424C4A2DA00A052FC /* UserInfoVC.swift in Sources */ = {isa = PBXBuildFile; fileRef = 12D33ED324C4A2DA00A052FC /* UserInfoVC.swift */; };
		12D33ED624C4B5A900A052FC /* GFError.swift in Sources */ = {isa = PBXBuildFile; fileRef = 12D33ED524C4B5A900A052FC /* GFError.swift */; };
		12D33ED824C4CEA100A052FC /* GFUserInfoHeaderVC.swift in Sources */ = {isa = PBXBuildFile; fileRef = 12D33ED724C4CEA100A052FC /* GFUserInfoHeaderVC.swift */; };
		12D33EDA24C4CF0D00A052FC /* GFSecondaryTitleLabel.swift in Sources */ = {isa = PBXBuildFile; fileRef = 12D33ED924C4CF0D00A052FC /* GFSecondaryTitleLabel.swift */; };
		12D33EDC24C4D97600A052FC /* Constants.swift in Sources */ = {isa = PBXBuildFile; fileRef = 12D33EDB24C4D97600A052FC /* Constants.swift */; };
		12D33EDE24C4F11800A052FC /* GFItemInfoView.swift in Sources */ = {isa = PBXBuildFile; fileRef = 12D33EDD24C4F11800A052FC /* GFItemInfoView.swift */; };
		12D33EE024C4FFFB00A052FC /* GFItemInfoVC.swift in Sources */ = {isa = PBXBuildFile; fileRef = 12D33EDF24C4FFFB00A052FC /* GFItemInfoVC.swift */; };
		12D33EE424C504D500A052FC /* GFRepoItemVC.swift in Sources */ = {isa = PBXBuildFile; fileRef = 12D33EE324C504D500A052FC /* GFRepoItemVC.swift */; };
		12F189F324C1ED760022F2E8 /* GFTitleLabel.swift in Sources */ = {isa = PBXBuildFile; fileRef = 12F189F224C1ED760022F2E8 /* GFTitleLabel.swift */; };
		12F189F524C1F37B0022F2E8 /* GFBodyLabel.swift in Sources */ = {isa = PBXBuildFile; fileRef = 12F189F424C1F37B0022F2E8 /* GFBodyLabel.swift */; };
		12F189F724C1F9CA0022F2E8 /* GFAlertVC.swift in Sources */ = {isa = PBXBuildFile; fileRef = 12F189F624C1F9CA0022F2E8 /* GFAlertVC.swift */; };
		12F189F924C210390022F2E8 /* UIViewController+ext.swift in Sources */ = {isa = PBXBuildFile; fileRef = 12F189F824C210390022F2E8 /* UIViewController+ext.swift */; };
		12F18A0024C2342A0022F2E8 /* Follower.swift in Sources */ = {isa = PBXBuildFile; fileRef = 12F189FF24C2342A0022F2E8 /* Follower.swift */; };
		12F18A0224C235490022F2E8 /* User.swift in Sources */ = {isa = PBXBuildFile; fileRef = 12F18A0124C235490022F2E8 /* User.swift */; };
/* End PBXBuildFile section */

/* Begin PBXFileReference section */
		121DAFA024C2476F00EC69AF /* NetworkManager.swift */ = {isa = PBXFileReference; lastKnownFileType = sourcecode.swift; path = NetworkManager.swift; sourceTree = "<group>"; };
		121DAFA724C283E900EC69AF /* FollowerCell.swift */ = {isa = PBXFileReference; lastKnownFileType = sourcecode.swift; path = FollowerCell.swift; sourceTree = "<group>"; };
		121DAFA924C284AB00EC69AF /* GFAvatarImageView.swift */ = {isa = PBXFileReference; lastKnownFileType = sourcecode.swift; path = GFAvatarImageView.swift; sourceTree = "<group>"; };
		1241D2A924C3E5B6007F1344 /* GFEmptyStateView.swift */ = {isa = PBXFileReference; lastKnownFileType = sourcecode.swift; path = GFEmptyStateView.swift; sourceTree = "<group>"; };
		127C0E8824C1248C00EA371C /* GFButton.swift */ = {isa = PBXFileReference; lastKnownFileType = sourcecode.swift; path = GFButton.swift; sourceTree = "<group>"; };
		127C0E8A24C1282B00EA371C /* GFTextField.swift */ = {isa = PBXFileReference; lastKnownFileType = sourcecode.swift; path = GFTextField.swift; sourceTree = "<group>"; };
		1297BD1424C38CD4006A4B93 /* UIHelper.swift */ = {isa = PBXFileReference; lastKnownFileType = sourcecode.swift; path = UIHelper.swift; sourceTree = "<group>"; };
		12A8D1DD24C112E800668A98 /* GHFollowers.app */ = {isa = PBXFileReference; explicitFileType = wrapper.application; includeInIndex = 0; path = GHFollowers.app; sourceTree = BUILT_PRODUCTS_DIR; };
		12A8D1E024C112E800668A98 /* AppDelegate.swift */ = {isa = PBXFileReference; lastKnownFileType = sourcecode.swift; path = AppDelegate.swift; sourceTree = "<group>"; };
		12A8D1E224C112E800668A98 /* SceneDelegate.swift */ = {isa = PBXFileReference; lastKnownFileType = sourcecode.swift; path = SceneDelegate.swift; sourceTree = "<group>"; };
		12A8D1E924C112EA00668A98 /* Assets.xcassets */ = {isa = PBXFileReference; lastKnownFileType = folder.assetcatalog; path = Assets.xcassets; sourceTree = "<group>"; };
		12A8D1EC24C112EA00668A98 /* Base */ = {isa = PBXFileReference; lastKnownFileType = file.storyboard; name = Base; path = Base.lproj/LaunchScreen.storyboard; sourceTree = "<group>"; };
		12A8D1EE24C112EA00668A98 /* Info.plist */ = {isa = PBXFileReference; lastKnownFileType = text.plist.xml; path = Info.plist; sourceTree = "<group>"; };
		12A8D1F424C1189900668A98 /* SearchVC.swift */ = {isa = PBXFileReference; lastKnownFileType = sourcecode.swift; path = SearchVC.swift; sourceTree = "<group>"; };
		12A8D1F624C118D500668A98 /* FavoritesListVC.swift */ = {isa = PBXFileReference; lastKnownFileType = sourcecode.swift; path = FavoritesListVC.swift; sourceTree = "<group>"; };
		12A9EEFB24C157E500B7CA0F /* FollowersListVC.swift */ = {isa = PBXFileReference; lastKnownFileType = sourcecode.swift; path = FollowersListVC.swift; sourceTree = "<group>"; };
		12D33ED324C4A2DA00A052FC /* UserInfoVC.swift */ = {isa = PBXFileReference; lastKnownFileType = sourcecode.swift; path = UserInfoVC.swift; sourceTree = "<group>"; };
		12D33ED524C4B5A900A052FC /* GFError.swift */ = {isa = PBXFileReference; lastKnownFileType = sourcecode.swift; path = GFError.swift; sourceTree = "<group>"; };
		12D33ED724C4CEA100A052FC /* GFUserInfoHeaderVC.swift */ = {isa = PBXFileReference; lastKnownFileType = sourcecode.swift; path = GFUserInfoHeaderVC.swift; sourceTree = "<group>"; };
		12D33ED924C4CF0D00A052FC /* GFSecondaryTitleLabel.swift */ = {isa = PBXFileReference; lastKnownFileType = sourcecode.swift; path = GFSecondaryTitleLabel.swift; sourceTree = "<group>"; };
		12D33EDB24C4D97600A052FC /* Constants.swift */ = {isa = PBXFileReference; lastKnownFileType = sourcecode.swift; path = Constants.swift; sourceTree = "<group>"; };
		12D33EDD24C4F11800A052FC /* GFItemInfoView.swift */ = {isa = PBXFileReference; lastKnownFileType = sourcecode.swift; path = GFItemInfoView.swift; sourceTree = "<group>"; };
		12D33EDF24C4FFFB00A052FC /* GFItemInfoVC.swift */ = {isa = PBXFileReference; lastKnownFileType = sourcecode.swift; path = GFItemInfoVC.swift; sourceTree = "<group>"; };
		12D33EE324C504D500A052FC /* GFRepoItemVC.swift */ = {isa = PBXFileReference; lastKnownFileType = sourcecode.swift; path = GFRepoItemVC.swift; sourceTree = "<group>"; };
		12F189F224C1ED760022F2E8 /* GFTitleLabel.swift */ = {isa = PBXFileReference; lastKnownFileType = sourcecode.swift; path = GFTitleLabel.swift; sourceTree = "<group>"; };
		12F189F424C1F37B0022F2E8 /* GFBodyLabel.swift */ = {isa = PBXFileReference; lastKnownFileType = sourcecode.swift; path = GFBodyLabel.swift; sourceTree = "<group>"; };
		12F189F624C1F9CA0022F2E8 /* GFAlertVC.swift */ = {isa = PBXFileReference; lastKnownFileType = sourcecode.swift; path = GFAlertVC.swift; sourceTree = "<group>"; };
		12F189F824C210390022F2E8 /* UIViewController+ext.swift */ = {isa = PBXFileReference; lastKnownFileType = sourcecode.swift; path = "UIViewController+ext.swift"; sourceTree = "<group>"; };
		12F189FF24C2342A0022F2E8 /* Follower.swift */ = {isa = PBXFileReference; lastKnownFileType = sourcecode.swift; path = Follower.swift; sourceTree = "<group>"; };
		12F18A0124C235490022F2E8 /* User.swift */ = {isa = PBXFileReference; lastKnownFileType = sourcecode.swift; path = User.swift; sourceTree = "<group>"; };
/* End PBXFileReference section */

/* Begin PBXFrameworksBuildPhase section */
		12A8D1DA24C112E800668A98 /* Frameworks */ = {
			isa = PBXFrameworksBuildPhase;
			buildActionMask = 2147483647;
			files = (
			);
			runOnlyForDeploymentPostprocessing = 0;
		};
/* End PBXFrameworksBuildPhase section */

/* Begin PBXGroup section */
		121DAF9F24C2475800EC69AF /* Managers */ = {
			isa = PBXGroup;
			children = (
				121DAFA024C2476F00EC69AF /* NetworkManager.swift */,
			);
			path = Managers;
			sourceTree = "<group>";
		};
		121DAFA224C2761600EC69AF /* Utilities */ = {
			isa = PBXGroup;
			children = (
				1297BD1424C38CD4006A4B93 /* UIHelper.swift */,
				12D33ED524C4B5A900A052FC /* GFError.swift */,
				12D33EDB24C4D97600A052FC /* Constants.swift */,
			);
			path = Utilities;
			sourceTree = "<group>";
		};
		121DAFA624C283A700EC69AF /* Cells */ = {
			isa = PBXGroup;
			children = (
				121DAFA724C283E900EC69AF /* FollowerCell.swift */,
			);
			path = Cells;
			sourceTree = "<group>";
		};
		1241D2A324C3E4CB007F1344 /* Views */ = {
			isa = PBXGroup;
			children = (
				1241D2A924C3E5B6007F1344 /* GFEmptyStateView.swift */,
				12D33EDD24C4F11800A052FC /* GFItemInfoView.swift */,
			);
			path = Views;
			sourceTree = "<group>";
		};
		1241D2A424C3E4DB007F1344 /* Buttons */ = {
			isa = PBXGroup;
			children = (
				127C0E8824C1248C00EA371C /* GFButton.swift */,
			);
			path = Buttons;
			sourceTree = "<group>";
		};
		1241D2A524C3E4E4007F1344 /* ImageViews */ = {
			isa = PBXGroup;
			children = (
				121DAFA924C284AB00EC69AF /* GFAvatarImageView.swift */,
			);
			path = ImageViews;
			sourceTree = "<group>";
		};
		1241D2A624C3E4F6007F1344 /* TextFields */ = {
			isa = PBXGroup;
			children = (
				127C0E8A24C1282B00EA371C /* GFTextField.swift */,
			);
			path = TextFields;
			sourceTree = "<group>";
		};
		1241D2A724C3E50A007F1344 /* ViewControllers */ = {
			isa = PBXGroup;
			children = (
				12F189F624C1F9CA0022F2E8 /* GFAlertVC.swift */,
				12D33ED724C4CEA100A052FC /* GFUserInfoHeaderVC.swift */,
				12D33EDF24C4FFFB00A052FC /* GFItemInfoVC.swift */,
				12D33EE324C504D500A052FC /* GFRepoItemVC.swift */,
			);
			path = ViewControllers;
			sourceTree = "<group>";
		};
		1241D2A824C3E52F007F1344 /* Labels */ = {
			isa = PBXGroup;
			children = (
				12F189F224C1ED760022F2E8 /* GFTitleLabel.swift */,
				12F189F424C1F37B0022F2E8 /* GFBodyLabel.swift */,
				12D33ED924C4CF0D00A052FC /* GFSecondaryTitleLabel.swift */,
			);
			path = Labels;
			sourceTree = "<group>";
		};
		12A8D1D424C112E800668A98 = {
			isa = PBXGroup;
			children = (
				12A8D1DF24C112E800668A98 /* GHFollowers */,
				12A8D1EE24C112EA00668A98 /* Info.plist */,
				12A8D1DE24C112E800668A98 /* Products */,
			);
			sourceTree = "<group>";
		};
		12A8D1DE24C112E800668A98 /* Products */ = {
			isa = PBXGroup;
			children = (
				12A8D1DD24C112E800668A98 /* GHFollowers.app */,
			);
			name = Products;
			sourceTree = "<group>";
		};
		12A8D1DF24C112E800668A98 /* GHFollowers */ = {
			isa = PBXGroup;
			children = (
				121DAFA224C2761600EC69AF /* Utilities */,
				121DAF9F24C2475800EC69AF /* Managers */,
				12F189FE24C234190022F2E8 /* Model */,
				12F189FA24C226840022F2E8 /* Screens */,
				12F189FC24C226FE0022F2E8 /* Extensions */,
				12F189FD24C2270F0022F2E8 /* Support */,
				12F189FB24C226D00022F2E8 /* Custom Views */,
			);
			path = GHFollowers;
			sourceTree = "<group>";
		};
		12F189FA24C226840022F2E8 /* Screens */ = {
			isa = PBXGroup;
			children = (
				12A8D1F424C1189900668A98 /* SearchVC.swift */,
				12A8D1F624C118D500668A98 /* FavoritesListVC.swift */,
				12A9EEFB24C157E500B7CA0F /* FollowersListVC.swift */,
				12D33ED324C4A2DA00A052FC /* UserInfoVC.swift */,
			);
			path = Screens;
			sourceTree = "<group>";
		};
		12F189FB24C226D00022F2E8 /* Custom Views */ = {
			isa = PBXGroup;
			children = (
				1241D2A824C3E52F007F1344 /* Labels */,
				1241D2A724C3E50A007F1344 /* ViewControllers */,
				1241D2A624C3E4F6007F1344 /* TextFields */,
				1241D2A524C3E4E4007F1344 /* ImageViews */,
				1241D2A424C3E4DB007F1344 /* Buttons */,
				1241D2A324C3E4CB007F1344 /* Views */,
				121DAFA624C283A700EC69AF /* Cells */,
			);
			path = "Custom Views";
			sourceTree = "<group>";
		};
		12F189FC24C226FE0022F2E8 /* Extensions */ = {
			isa = PBXGroup;
			children = (
				12F189F824C210390022F2E8 /* UIViewController+ext.swift */,
			);
			path = Extensions;
			sourceTree = "<group>";
		};
		12F189FD24C2270F0022F2E8 /* Support */ = {
			isa = PBXGroup;
			children = (
				12A8D1E024C112E800668A98 /* AppDelegate.swift */,
				12A8D1E224C112E800668A98 /* SceneDelegate.swift */,
				12A8D1E924C112EA00668A98 /* Assets.xcassets */,
				12A8D1EB24C112EA00668A98 /* LaunchScreen.storyboard */,
			);
			path = Support;
			sourceTree = "<group>";
		};
		12F189FE24C234190022F2E8 /* Model */ = {
			isa = PBXGroup;
			children = (
				12F189FF24C2342A0022F2E8 /* Follower.swift */,
				12F18A0124C235490022F2E8 /* User.swift */,
			);
			path = Model;
			sourceTree = "<group>";
		};
/* End PBXGroup section */

/* Begin PBXNativeTarget section */
		12A8D1DC24C112E800668A98 /* GHFollowers */ = {
			isa = PBXNativeTarget;
			buildConfigurationList = 12A8D1F124C112EA00668A98 /* Build configuration list for PBXNativeTarget "GHFollowers" */;
			buildPhases = (
				12A8D1D924C112E800668A98 /* Sources */,
				12A8D1DA24C112E800668A98 /* Frameworks */,
				12A8D1DB24C112E800668A98 /* Resources */,
			);
			buildRules = (
			);
			dependencies = (
			);
			name = GHFollowers;
			productName = GHFollowers;
			productReference = 12A8D1DD24C112E800668A98 /* GHFollowers.app */;
			productType = "com.apple.product-type.application";
		};
/* End PBXNativeTarget section */

/* Begin PBXProject section */
		12A8D1D524C112E800668A98 /* Project object */ = {
			isa = PBXProject;
			attributes = {
				LastSwiftUpdateCheck = 1160;
				LastUpgradeCheck = 1160;
				ORGANIZATIONNAME = "Shah Priyank";
				TargetAttributes = {
					12A8D1DC24C112E800668A98 = {
						CreatedOnToolsVersion = 11.6;
					};
				};
			};
			buildConfigurationList = 12A8D1D824C112E800668A98 /* Build configuration list for PBXProject "GHFollowers" */;
			compatibilityVersion = "Xcode 9.3";
			developmentRegion = en;
			hasScannedForEncodings = 0;
			knownRegions = (
				en,
				Base,
			);
			mainGroup = 12A8D1D424C112E800668A98;
			productRefGroup = 12A8D1DE24C112E800668A98 /* Products */;
			projectDirPath = "";
			projectRoot = "";
			targets = (
				12A8D1DC24C112E800668A98 /* GHFollowers */,
			);
		};
/* End PBXProject section */

/* Begin PBXResourcesBuildPhase section */
		12A8D1DB24C112E800668A98 /* Resources */ = {
			isa = PBXResourcesBuildPhase;
			buildActionMask = 2147483647;
			files = (
				12A8D1ED24C112EA00668A98 /* LaunchScreen.storyboard in Resources */,
				12A8D1EA24C112EA00668A98 /* Assets.xcassets in Resources */,
			);
			runOnlyForDeploymentPostprocessing = 0;
		};
/* End PBXResourcesBuildPhase section */

/* Begin PBXSourcesBuildPhase section */
		12A8D1D924C112E800668A98 /* Sources */ = {
			isa = PBXSourcesBuildPhase;
			buildActionMask = 2147483647;
			files = (
				12F18A0224C235490022F2E8 /* User.swift in Sources */,
				127C0E8B24C1282B00EA371C /* GFTextField.swift in Sources */,
				12F189F924C210390022F2E8 /* UIViewController+ext.swift in Sources */,
				12A8D1F724C118D500668A98 /* FavoritesListVC.swift in Sources */,
				127C0E8924C1248C00EA371C /* GFButton.swift in Sources */,
				1297BD1524C38CD4006A4B93 /* UIHelper.swift in Sources */,
				12D33EE024C4FFFB00A052FC /* GFItemInfoVC.swift in Sources */,
				12D33EDC24C4D97600A052FC /* Constants.swift in Sources */,
				121DAFAA24C284AB00EC69AF /* GFAvatarImageView.swift in Sources */,
				12A9EEFC24C157E500B7CA0F /* FollowersListVC.swift in Sources */,
				12F189F724C1F9CA0022F2E8 /* GFAlertVC.swift in Sources */,
				12D33EDE24C4F11800A052FC /* GFItemInfoView.swift in Sources */,
				121DAFA824C283E900EC69AF /* FollowerCell.swift in Sources */,
				12F189F524C1F37B0022F2E8 /* GFBodyLabel.swift in Sources */,
				12D33ED824C4CEA100A052FC /* GFUserInfoHeaderVC.swift in Sources */,
				12D33ED624C4B5A900A052FC /* GFError.swift in Sources */,
				12F18A0024C2342A0022F2E8 /* Follower.swift in Sources */,
				12F189F324C1ED760022F2E8 /* GFTitleLabel.swift in Sources */,
				12D33EDA24C4CF0D00A052FC /* GFSecondaryTitleLabel.swift in Sources */,
				1241D2AA24C3E5B6007F1344 /* GFEmptyStateView.swift in Sources */,
				121DAFA124C2476F00EC69AF /* NetworkManager.swift in Sources */,
				12A8D1F524C1189900668A98 /* SearchVC.swift in Sources */,
				12A8D1E124C112E800668A98 /* AppDelegate.swift in Sources */,
				12A8D1E324C112E800668A98 /* SceneDelegate.swift in Sources */,
				12D33EE424C504D500A052FC /* GFRepoItemVC.swift in Sources */,
				12D33ED424C4A2DA00A052FC /* UserInfoVC.swift in Sources */,
			);
			runOnlyForDeploymentPostprocessing = 0;
		};
/* End PBXSourcesBuildPhase section */

/* Begin PBXVariantGroup section */
		12A8D1EB24C112EA00668A98 /* LaunchScreen.storyboard */ = {
			isa = PBXVariantGroup;
			children = (
				12A8D1EC24C112EA00668A98 /* Base */,
			);
			name = LaunchScreen.storyboard;
			sourceTree = "<group>";
		};
/* End PBXVariantGroup section */

/* Begin XCBuildConfiguration section */
		12A8D1EF24C112EA00668A98 /* Debug */ = {
			isa = XCBuildConfiguration;
			buildSettings = {
				ALWAYS_SEARCH_USER_PATHS = NO;
				CLANG_ANALYZER_NONNULL = YES;
				CLANG_ANALYZER_NUMBER_OBJECT_CONVERSION = YES_AGGRESSIVE;
				CLANG_CXX_LANGUAGE_STANDARD = "gnu++14";
				CLANG_CXX_LIBRARY = "libc++";
				CLANG_ENABLE_MODULES = YES;
				CLANG_ENABLE_OBJC_ARC = YES;
				CLANG_ENABLE_OBJC_WEAK = YES;
				CLANG_WARN_BLOCK_CAPTURE_AUTORELEASING = YES;
				CLANG_WARN_BOOL_CONVERSION = YES;
				CLANG_WARN_COMMA = YES;
				CLANG_WARN_CONSTANT_CONVERSION = YES;
				CLANG_WARN_DEPRECATED_OBJC_IMPLEMENTATIONS = YES;
				CLANG_WARN_DIRECT_OBJC_ISA_USAGE = YES_ERROR;
				CLANG_WARN_DOCUMENTATION_COMMENTS = YES;
				CLANG_WARN_EMPTY_BODY = YES;
				CLANG_WARN_ENUM_CONVERSION = YES;
				CLANG_WARN_INFINITE_RECURSION = YES;
				CLANG_WARN_INT_CONVERSION = YES;
				CLANG_WARN_NON_LITERAL_NULL_CONVERSION = YES;
				CLANG_WARN_OBJC_IMPLICIT_RETAIN_SELF = YES;
				CLANG_WARN_OBJC_LITERAL_CONVERSION = YES;
				CLANG_WARN_OBJC_ROOT_CLASS = YES_ERROR;
				CLANG_WARN_RANGE_LOOP_ANALYSIS = YES;
				CLANG_WARN_STRICT_PROTOTYPES = YES;
				CLANG_WARN_SUSPICIOUS_MOVE = YES;
				CLANG_WARN_UNGUARDED_AVAILABILITY = YES_AGGRESSIVE;
				CLANG_WARN_UNREACHABLE_CODE = YES;
				CLANG_WARN__DUPLICATE_METHOD_MATCH = YES;
				COPY_PHASE_STRIP = NO;
				DEBUG_INFORMATION_FORMAT = dwarf;
				ENABLE_STRICT_OBJC_MSGSEND = YES;
				ENABLE_TESTABILITY = YES;
				GCC_C_LANGUAGE_STANDARD = gnu11;
				GCC_DYNAMIC_NO_PIC = NO;
				GCC_NO_COMMON_BLOCKS = YES;
				GCC_OPTIMIZATION_LEVEL = 0;
				GCC_PREPROCESSOR_DEFINITIONS = (
					"DEBUG=1",
					"$(inherited)",
				);
				GCC_WARN_64_TO_32_BIT_CONVERSION = YES;
				GCC_WARN_ABOUT_RETURN_TYPE = YES_ERROR;
				GCC_WARN_UNDECLARED_SELECTOR = YES;
				GCC_WARN_UNINITIALIZED_AUTOS = YES_AGGRESSIVE;
				GCC_WARN_UNUSED_FUNCTION = YES;
				GCC_WARN_UNUSED_VARIABLE = YES;
				IPHONEOS_DEPLOYMENT_TARGET = 13.6;
				MTL_ENABLE_DEBUG_INFO = INCLUDE_SOURCE;
				MTL_FAST_MATH = YES;
				ONLY_ACTIVE_ARCH = YES;
				SDKROOT = iphoneos;
				SWIFT_ACTIVE_COMPILATION_CONDITIONS = DEBUG;
				SWIFT_OPTIMIZATION_LEVEL = "-Onone";
			};
			name = Debug;
		};
		12A8D1F024C112EA00668A98 /* Release */ = {
			isa = XCBuildConfiguration;
			buildSettings = {
				ALWAYS_SEARCH_USER_PATHS = NO;
				CLANG_ANALYZER_NONNULL = YES;
				CLANG_ANALYZER_NUMBER_OBJECT_CONVERSION = YES_AGGRESSIVE;
				CLANG_CXX_LANGUAGE_STANDARD = "gnu++14";
				CLANG_CXX_LIBRARY = "libc++";
				CLANG_ENABLE_MODULES = YES;
				CLANG_ENABLE_OBJC_ARC = YES;
				CLANG_ENABLE_OBJC_WEAK = YES;
				CLANG_WARN_BLOCK_CAPTURE_AUTORELEASING = YES;
				CLANG_WARN_BOOL_CONVERSION = YES;
				CLANG_WARN_COMMA = YES;
				CLANG_WARN_CONSTANT_CONVERSION = YES;
				CLANG_WARN_DEPRECATED_OBJC_IMPLEMENTATIONS = YES;
				CLANG_WARN_DIRECT_OBJC_ISA_USAGE = YES_ERROR;
				CLANG_WARN_DOCUMENTATION_COMMENTS = YES;
				CLANG_WARN_EMPTY_BODY = YES;
				CLANG_WARN_ENUM_CONVERSION = YES;
				CLANG_WARN_INFINITE_RECURSION = YES;
				CLANG_WARN_INT_CONVERSION = YES;
				CLANG_WARN_NON_LITERAL_NULL_CONVERSION = YES;
				CLANG_WARN_OBJC_IMPLICIT_RETAIN_SELF = YES;
				CLANG_WARN_OBJC_LITERAL_CONVERSION = YES;
				CLANG_WARN_OBJC_ROOT_CLASS = YES_ERROR;
				CLANG_WARN_RANGE_LOOP_ANALYSIS = YES;
				CLANG_WARN_STRICT_PROTOTYPES = YES;
				CLANG_WARN_SUSPICIOUS_MOVE = YES;
				CLANG_WARN_UNGUARDED_AVAILABILITY = YES_AGGRESSIVE;
				CLANG_WARN_UNREACHABLE_CODE = YES;
				CLANG_WARN__DUPLICATE_METHOD_MATCH = YES;
				COPY_PHASE_STRIP = NO;
				DEBUG_INFORMATION_FORMAT = "dwarf-with-dsym";
				ENABLE_NS_ASSERTIONS = NO;
				ENABLE_STRICT_OBJC_MSGSEND = YES;
				GCC_C_LANGUAGE_STANDARD = gnu11;
				GCC_NO_COMMON_BLOCKS = YES;
				GCC_WARN_64_TO_32_BIT_CONVERSION = YES;
				GCC_WARN_ABOUT_RETURN_TYPE = YES_ERROR;
				GCC_WARN_UNDECLARED_SELECTOR = YES;
				GCC_WARN_UNINITIALIZED_AUTOS = YES_AGGRESSIVE;
				GCC_WARN_UNUSED_FUNCTION = YES;
				GCC_WARN_UNUSED_VARIABLE = YES;
				IPHONEOS_DEPLOYMENT_TARGET = 13.6;
				MTL_ENABLE_DEBUG_INFO = NO;
				MTL_FAST_MATH = YES;
				SDKROOT = iphoneos;
				SWIFT_COMPILATION_MODE = wholemodule;
				SWIFT_OPTIMIZATION_LEVEL = "-O";
				VALIDATE_PRODUCT = YES;
			};
			name = Release;
		};
		12A8D1F224C112EA00668A98 /* Debug */ = {
			isa = XCBuildConfiguration;
			buildSettings = {
				ASSETCATALOG_COMPILER_APPICON_NAME = AppIcon;
				CODE_SIGN_STYLE = Automatic;
				DEVELOPMENT_TEAM = H9R2XQV7M2;
				INFOPLIST_FILE = "$(SRCROOT)/Info.plist";
				LD_RUNPATH_SEARCH_PATHS = (
					"$(inherited)",
					"@executable_path/Frameworks",
				);
				PRODUCT_BUNDLE_IDENTIFIER = com.shahPriyank.GHFollowers;
				PRODUCT_NAME = "$(TARGET_NAME)";
				SWIFT_VERSION = 5.0;
				TARGETED_DEVICE_FAMILY = "1,2";
			};
			name = Debug;
		};
		12A8D1F324C112EA00668A98 /* Release */ = {
			isa = XCBuildConfiguration;
			buildSettings = {
				ASSETCATALOG_COMPILER_APPICON_NAME = AppIcon;
				CODE_SIGN_STYLE = Automatic;
				DEVELOPMENT_TEAM = H9R2XQV7M2;
				INFOPLIST_FILE = "$(SRCROOT)/Info.plist";
				LD_RUNPATH_SEARCH_PATHS = (
					"$(inherited)",
					"@executable_path/Frameworks",
				);
				PRODUCT_BUNDLE_IDENTIFIER = com.shahPriyank.GHFollowers;
				PRODUCT_NAME = "$(TARGET_NAME)";
				SWIFT_VERSION = 5.0;
				TARGETED_DEVICE_FAMILY = "1,2";
			};
			name = Release;
		};
/* End XCBuildConfiguration section */

/* Begin XCConfigurationList section */
		12A8D1D824C112E800668A98 /* Build configuration list for PBXProject "GHFollowers" */ = {
			isa = XCConfigurationList;
			buildConfigurations = (
				12A8D1EF24C112EA00668A98 /* Debug */,
				12A8D1F024C112EA00668A98 /* Release */,
			);
			defaultConfigurationIsVisible = 0;
			defaultConfigurationName = Release;
		};
		12A8D1F124C112EA00668A98 /* Build configuration list for PBXNativeTarget "GHFollowers" */ = {
			isa = XCConfigurationList;
			buildConfigurations = (
				12A8D1F224C112EA00668A98 /* Debug */,
				12A8D1F324C112EA00668A98 /* Release */,
			);
			defaultConfigurationIsVisible = 0;
			defaultConfigurationName = Release;
		};
/* End XCConfigurationList section */
	};
	rootObject = 12A8D1D524C112E800668A98 /* Project object */;
}
